
Microsoft Visual Studio Solution File, Format Version 12.00
# Visual Studio Version 16
VisualStudioVersion = 16.0.29613.14
MinimumVisualStudioVersion = 10.0.40219.1
Project("{FAE04EC0-301F-11D3-BF4B-00C04F79EFBC}") = "CPSSMSToolboxExtension", "CPSSMSToolboxExtension\CPSSMSToolboxExtension.csproj", "{BED082B1-6644-4042-A276-0B621BB780CB}"
EndProject
Global
	GlobalSection(SolutionConfigurationPlatforms) = preSolution
		Debug|Any CPU = Debug|Any CPU
		Release|Any CPU = Release|Any CPU
	EndGlobalSection
	GlobalSection(ProjectConfigurationPlatforms) = postSolution
		{BED082B1-6644-4042-A276-0B621BB780CB}.Debug|Any CPU.ActiveCfg = Debug|Any CPU
		{BED082B1-6644-4042-A276-0B621BB780CB}.Debug|Any CPU.Build.0 = Debug|Any CPU
		{BED082B1-6644-4042-A276-0B621BB780CB}.Release|Any CPU.ActiveCfg = Release|Any CPU
		{BED082B1-6644-4042-A276-0B621BB780CB}.Release|Any CPU.Build.0 = Release|Any CPU
	EndGlobalSection
	GlobalSection(SolutionProperties) = preSolution
		HideSolutionNode = FALSE
	EndGlobalSection
	GlobalSection(ExtensibilityGlobals) = postSolution
		SolutionGuid = {F241354B-632C-4B20-BB71-1205B4ECC84F}
	EndGlobalSection
EndGlobal
